// !$*UTF8*$!
{
	archiveVersion = 1;
	classes = {
	};
	objectVersion = 46;
	objects = {

/* Begin PBXBuildFile section */
		9327D10A1ADEDFE300DE06EF /* arvore0.png in Resources */ = {isa = PBXBuildFile; fileRef = 9327D0FD1ADEDFE300DE06EF /* arvore0.png */; };
		9327D10B1ADEDFE300DE06EF /* arvore1.png in Resources */ = {isa = PBXBuildFile; fileRef = 9327D0FE1ADEDFE300DE06EF /* arvore1.png */; };
		9327D10C1ADEDFE300DE06EF /* arvore2.png in Resources */ = {isa = PBXBuildFile; fileRef = 9327D0FF1ADEDFE300DE06EF /* arvore2.png */; };
		9327D10D1ADEDFE300DE06EF /* cenario.png in Resources */ = {isa = PBXBuildFile; fileRef = 9327D1001ADEDFE300DE06EF /* cenario.png */; };
		9327D10E1ADEDFE300DE06EF /* ceu0.png in Resources */ = {isa = PBXBuildFile; fileRef = 9327D1011ADEDFE300DE06EF /* ceu0.png */; };
		9327D10F1ADEDFE300DE06EF /* ceu1.png in Resources */ = {isa = PBXBuildFile; fileRef = 9327D1021ADEDFE300DE06EF /* ceu1.png */; };
		9327D1101ADEDFE300DE06EF /* ceu2.png in Resources */ = {isa = PBXBuildFile; fileRef = 9327D1031ADEDFE300DE06EF /* ceu2.png */; };
		9327D1111ADEDFE300DE06EF /* chao0.png in Resources */ = {isa = PBXBuildFile; fileRef = 9327D1041ADEDFE300DE06EF /* chao0.png */; };
		9327D1121ADEDFE300DE06EF /* chao1.png in Resources */ = {isa = PBXBuildFile; fileRef = 9327D1051ADEDFE300DE06EF /* chao1.png */; };
		9327D1131ADEDFE300DE06EF /* chao2.png in Resources */ = {isa = PBXBuildFile; fileRef = 9327D1061ADEDFE300DE06EF /* chao2.png */; };
		9327D1141ADEDFE300DE06EF /* predio0.png in Resources */ = {isa = PBXBuildFile; fileRef = 9327D1071ADEDFE300DE06EF /* predio0.png */; };
		9327D1151ADEDFE300DE06EF /* predio1.png in Resources */ = {isa = PBXBuildFile; fileRef = 9327D1081ADEDFE300DE06EF /* predio1.png */; };
		9327D1161ADEDFE300DE06EF /* predio2.png in Resources */ = {isa = PBXBuildFile; fileRef = 9327D1091ADEDFE300DE06EF /* predio2.png */; };
		9327D11C1ADEE0C200DE06EF /* trampolim0.png in Resources */ = {isa = PBXBuildFile; fileRef = 9327D1171ADEE0C200DE06EF /* trampolim0.png */; };
		9327D11D1ADEE0C200DE06EF /* trampolim1.png in Resources */ = {isa = PBXBuildFile; fileRef = 9327D1181ADEE0C200DE06EF /* trampolim1.png */; };
		9327D11E1ADEE0C200DE06EF /* trampolim2.png in Resources */ = {isa = PBXBuildFile; fileRef = 9327D1191ADEE0C200DE06EF /* trampolim2.png */; };
		9327D11F1ADEE0C200DE06EF /* trampolim3.png in Resources */ = {isa = PBXBuildFile; fileRef = 9327D11A1ADEE0C200DE06EF /* trampolim3.png */; };
		9327D1201ADEE0C200DE06EF /* trampolim4.png in Resources */ = {isa = PBXBuildFile; fileRef = 9327D11B1ADEE0C200DE06EF /* trampolim4.png */; };
		937748551ADED7C200992316 /* animacao_pulo0.png in Resources */ = {isa = PBXBuildFile; fileRef = 937748371ADED7C200992316 /* animacao_pulo0.png */; };
		937748561ADED7C200992316 /* animacao_pulo1.png in Resources */ = {isa = PBXBuildFile; fileRef = 937748381ADED7C200992316 /* animacao_pulo1.png */; };
		937748571ADED7C200992316 /* animacao_pulo10.png in Resources */ = {isa = PBXBuildFile; fileRef = 937748391ADED7C200992316 /* animacao_pulo10.png */; };
		937748581ADED7C200992316 /* animacao_pulo11.png in Resources */ = {isa = PBXBuildFile; fileRef = 9377483A1ADED7C200992316 /* animacao_pulo11.png */; };
		937748591ADED7C200992316 /* animacao_pulo12.png in Resources */ = {isa = PBXBuildFile; fileRef = 9377483B1ADED7C200992316 /* animacao_pulo12.png */; };
		9377485A1ADED7C200992316 /* animacao_pulo13.png in Resources */ = {isa = PBXBuildFile; fileRef = 9377483C1ADED7C200992316 /* animacao_pulo13.png */; };
		9377485B1ADED7C200992316 /* animacao_pulo14.png in Resources */ = {isa = PBXBuildFile; fileRef = 9377483D1ADED7C200992316 /* animacao_pulo14.png */; };
		9377485C1ADED7C200992316 /* animacao_pulo15.png in Resources */ = {isa = PBXBuildFile; fileRef = 9377483E1ADED7C200992316 /* animacao_pulo15.png */; };
		9377485D1ADED7C200992316 /* animacao_pulo16.png in Resources */ = {isa = PBXBuildFile; fileRef = 9377483F1ADED7C200992316 /* animacao_pulo16.png */; };
		9377485E1ADED7C200992316 /* animacao_pulo17.png in Resources */ = {isa = PBXBuildFile; fileRef = 937748401ADED7C200992316 /* animacao_pulo17.png */; };
		9377485F1ADED7C200992316 /* animacao_pulo18.png in Resources */ = {isa = PBXBuildFile; fileRef = 937748411ADED7C200992316 /* animacao_pulo18.png */; };
		937748601ADED7C200992316 /* animacao_pulo19.png in Resources */ = {isa = PBXBuildFile; fileRef = 937748421ADED7C200992316 /* animacao_pulo19.png */; };
		937748611ADED7C200992316 /* animacao_pulo2.png in Resources */ = {isa = PBXBuildFile; fileRef = 937748431ADED7C200992316 /* animacao_pulo2.png */; };
		937748621ADED7C200992316 /* animacao_pulo20.png in Resources */ = {isa = PBXBuildFile; fileRef = 937748441ADED7C200992316 /* animacao_pulo20.png */; };
		937748631ADED7C200992316 /* animacao_pulo21.png in Resources */ = {isa = PBXBuildFile; fileRef = 937748451ADED7C200992316 /* animacao_pulo21.png */; };
		937748641ADED7C200992316 /* animacao_pulo22.png in Resources */ = {isa = PBXBuildFile; fileRef = 937748461ADED7C200992316 /* animacao_pulo22.png */; };
		937748651ADED7C200992316 /* animacao_pulo23.png in Resources */ = {isa = PBXBuildFile; fileRef = 937748471ADED7C200992316 /* animacao_pulo23.png */; };
		937748661ADED7C200992316 /* animacao_pulo24.png in Resources */ = {isa = PBXBuildFile; fileRef = 937748481ADED7C200992316 /* animacao_pulo24.png */; };
		937748671ADED7C200992316 /* animacao_pulo25.png in Resources */ = {isa = PBXBuildFile; fileRef = 937748491ADED7C200992316 /* animacao_pulo25.png */; };
		937748681ADED7C200992316 /* animacao_pulo26.png in Resources */ = {isa = PBXBuildFile; fileRef = 9377484A1ADED7C200992316 /* animacao_pulo26.png */; };
		937748691ADED7C200992316 /* animacao_pulo27.png in Resources */ = {isa = PBXBuildFile; fileRef = 9377484B1ADED7C200992316 /* animacao_pulo27.png */; };
		9377486A1ADED7C200992316 /* animacao_pulo28.png in Resources */ = {isa = PBXBuildFile; fileRef = 9377484C1ADED7C200992316 /* animacao_pulo28.png */; };
		9377486B1ADED7C200992316 /* animacao_pulo29.png in Resources */ = {isa = PBXBuildFile; fileRef = 9377484D1ADED7C200992316 /* animacao_pulo29.png */; };
		9377486C1ADED7C200992316 /* animacao_pulo3.png in Resources */ = {isa = PBXBuildFile; fileRef = 9377484E1ADED7C200992316 /* animacao_pulo3.png */; };
		9377486D1ADED7C200992316 /* animacao_pulo4.png in Resources */ = {isa = PBXBuildFile; fileRef = 9377484F1ADED7C200992316 /* animacao_pulo4.png */; };
		9377486E1ADED7C200992316 /* animacao_pulo5.png in Resources */ = {isa = PBXBuildFile; fileRef = 937748501ADED7C200992316 /* animacao_pulo5.png */; };
		9377486F1ADED7C200992316 /* animacao_pulo6.png in Resources */ = {isa = PBXBuildFile; fileRef = 937748511ADED7C200992316 /* animacao_pulo6.png */; };
		937748701ADED7C200992316 /* animacao_pulo7.png in Resources */ = {isa = PBXBuildFile; fileRef = 937748521ADED7C200992316 /* animacao_pulo7.png */; };
		937748711ADED7C200992316 /* animacao_pulo8.png in Resources */ = {isa = PBXBuildFile; fileRef = 937748531ADED7C200992316 /* animacao_pulo8.png */; };
		937748721ADED7C200992316 /* animacao_pulo9.png in Resources */ = {isa = PBXBuildFile; fileRef = 937748541ADED7C200992316 /* animacao_pulo9.png */; };
		93DE3B911ADC38B3003607B3 /* main.m in Sources */ = {isa = PBXBuildFile; fileRef = 93DE3B901ADC38B3003607B3 /* main.m */; };
		93DE3B941ADC38B3003607B3 /* AppDelegate.m in Sources */ = {isa = PBXBuildFile; fileRef = 93DE3B931ADC38B3003607B3 /* AppDelegate.m */; };
		93DE3B971ADC38B3003607B3 /* GameScene.m in Sources */ = {isa = PBXBuildFile; fileRef = 93DE3B961ADC38B3003607B3 /* GameScene.m */; };
		93DE3B991ADC38B3003607B3 /* GameScene.sks in Resources */ = {isa = PBXBuildFile; fileRef = 93DE3B981ADC38B3003607B3 /* GameScene.sks */; };
		93DE3B9C1ADC38B3003607B3 /* GameViewController.m in Sources */ = {isa = PBXBuildFile; fileRef = 93DE3B9B1ADC38B3003607B3 /* GameViewController.m */; };
		93DE3B9F1ADC38B3003607B3 /* Main.storyboard in Resources */ = {isa = PBXBuildFile; fileRef = 93DE3B9D1ADC38B3003607B3 /* Main.storyboard */; };
		93DE3BA11ADC38B3003607B3 /* Images.xcassets in Resources */ = {isa = PBXBuildFile; fileRef = 93DE3BA01ADC38B3003607B3 /* Images.xcassets */; };
		93DE3BA41ADC38B3003607B3 /* LaunchScreen.xib in Resources */ = {isa = PBXBuildFile; fileRef = 93DE3BA21ADC38B3003607B3 /* LaunchScreen.xib */; };
		93DE3BB01ADC38B3003607B3 /* ChubbyTests.m in Sources */ = {isa = PBXBuildFile; fileRef = 93DE3BAF1ADC38B3003607B3 /* ChubbyTests.m */; };
		93DE3BBB1ADC3A49003607B3 /* bolinha.png in Resources */ = {isa = PBXBuildFile; fileRef = 93DE3BBA1ADC3A49003607B3 /* bolinha.png */; };
		93DE3BBD1ADC3BAE003607B3 /* background.png in Resources */ = {isa = PBXBuildFile; fileRef = 93DE3BBC1ADC3BAE003607B3 /* background.png */; };
		93ECD37A1ADD93A50067BE9F /* segundo.png in Resources */ = {isa = PBXBuildFile; fileRef = 93ECD3791ADD93A50067BE9F /* segundo.png */; };
		DFCFF3751ADEFA27001869B5 /* MainCharacterNode.m in Sources */ = {isa = PBXBuildFile; fileRef = DFCFF3741ADEFA27001869B5 /* MainCharacterNode.m */; };
/* End PBXBuildFile section */

/* Begin PBXContainerItemProxy section */
		93DE3BAA1ADC38B3003607B3 /* PBXContainerItemProxy */ = {
			isa = PBXContainerItemProxy;
			containerPortal = 93DE3B831ADC38B3003607B3 /* Project object */;
			proxyType = 1;
			remoteGlobalIDString = 93DE3B8A1ADC38B3003607B3;
			remoteInfo = Chubby;
		};
/* End PBXContainerItemProxy section */

/* Begin PBXFileReference section */
		9327D0FD1ADEDFE300DE06EF /* arvore0.png */ = {isa = PBXFileReference; lastKnownFileType = image.png; path = arvore0.png; sourceTree = "<group>"; };
		9327D0FE1ADEDFE300DE06EF /* arvore1.png */ = {isa = PBXFileReference; lastKnownFileType = image.png; path = arvore1.png; sourceTree = "<group>"; };
		9327D0FF1ADEDFE300DE06EF /* arvore2.png */ = {isa = PBXFileReference; lastKnownFileType = image.png; path = arvore2.png; sourceTree = "<group>"; };
		9327D1001ADEDFE300DE06EF /* cenario.png */ = {isa = PBXFileReference; lastKnownFileType = image.png; path = cenario.png; sourceTree = "<group>"; };
		9327D1011ADEDFE300DE06EF /* ceu0.png */ = {isa = PBXFileReference; lastKnownFileType = image.png; path = ceu0.png; sourceTree = "<group>"; };
		9327D1021ADEDFE300DE06EF /* ceu1.png */ = {isa = PBXFileReference; lastKnownFileType = image.png; path = ceu1.png; sourceTree = "<group>"; };
		9327D1031ADEDFE300DE06EF /* ceu2.png */ = {isa = PBXFileReference; lastKnownFileType = image.png; path = ceu2.png; sourceTree = "<group>"; };
		9327D1041ADEDFE300DE06EF /* chao0.png */ = {isa = PBXFileReference; lastKnownFileType = image.png; path = chao0.png; sourceTree = "<group>"; };
		9327D1051ADEDFE300DE06EF /* chao1.png */ = {isa = PBXFileReference; lastKnownFileType = image.png; path = chao1.png; sourceTree = "<group>"; };
		9327D1061ADEDFE300DE06EF /* chao2.png */ = {isa = PBXFileReference; lastKnownFileType = image.png; path = chao2.png; sourceTree = "<group>"; };
		9327D1071ADEDFE300DE06EF /* predio0.png */ = {isa = PBXFileReference; lastKnownFileType = image.png; path = predio0.png; sourceTree = "<group>"; };
		9327D1081ADEDFE300DE06EF /* predio1.png */ = {isa = PBXFileReference; lastKnownFileType = image.png; path = predio1.png; sourceTree = "<group>"; };
		9327D1091ADEDFE300DE06EF /* predio2.png */ = {isa = PBXFileReference; lastKnownFileType = image.png; path = predio2.png; sourceTree = "<group>"; };
		9327D1171ADEE0C200DE06EF /* trampolim0.png */ = {isa = PBXFileReference; lastKnownFileType = image.png; path = trampolim0.png; sourceTree = "<group>"; };
		9327D1181ADEE0C200DE06EF /* trampolim1.png */ = {isa = PBXFileReference; lastKnownFileType = image.png; path = trampolim1.png; sourceTree = "<group>"; };
		9327D1191ADEE0C200DE06EF /* trampolim2.png */ = {isa = PBXFileReference; lastKnownFileType = image.png; path = trampolim2.png; sourceTree = "<group>"; };
		9327D11A1ADEE0C200DE06EF /* trampolim3.png */ = {isa = PBXFileReference; lastKnownFileType = image.png; path = trampolim3.png; sourceTree = "<group>"; };
		9327D11B1ADEE0C200DE06EF /* trampolim4.png */ = {isa = PBXFileReference; lastKnownFileType = image.png; path = trampolim4.png; sourceTree = "<group>"; };
		937748371ADED7C200992316 /* animacao_pulo0.png */ = {isa = PBXFileReference; lastKnownFileType = image.png; path = animacao_pulo0.png; sourceTree = "<group>"; };
		937748381ADED7C200992316 /* animacao_pulo1.png */ = {isa = PBXFileReference; lastKnownFileType = image.png; path = animacao_pulo1.png; sourceTree = "<group>"; };
		937748391ADED7C200992316 /* animacao_pulo10.png */ = {isa = PBXFileReference; lastKnownFileType = image.png; path = animacao_pulo10.png; sourceTree = "<group>"; };
		9377483A1ADED7C200992316 /* animacao_pulo11.png */ = {isa = PBXFileReference; lastKnownFileType = image.png; path = animacao_pulo11.png; sourceTree = "<group>"; };
		9377483B1ADED7C200992316 /* animacao_pulo12.png */ = {isa = PBXFileReference; lastKnownFileType = image.png; path = animacao_pulo12.png; sourceTree = "<group>"; };
		9377483C1ADED7C200992316 /* animacao_pulo13.png */ = {isa = PBXFileReference; lastKnownFileType = image.png; path = animacao_pulo13.png; sourceTree = "<group>"; };
		9377483D1ADED7C200992316 /* animacao_pulo14.png */ = {isa = PBXFileReference; lastKnownFileType = image.png; path = animacao_pulo14.png; sourceTree = "<group>"; };
		9377483E1ADED7C200992316 /* animacao_pulo15.png */ = {isa = PBXFileReference; lastKnownFileType = image.png; path = animacao_pulo15.png; sourceTree = "<group>"; };
		9377483F1ADED7C200992316 /* animacao_pulo16.png */ = {isa = PBXFileReference; lastKnownFileType = image.png; path = animacao_pulo16.png; sourceTree = "<group>"; };
		937748401ADED7C200992316 /* animacao_pulo17.png */ = {isa = PBXFileReference; lastKnownFileType = image.png; path = animacao_pulo17.png; sourceTree = "<group>"; };
		937748411ADED7C200992316 /* animacao_pulo18.png */ = {isa = PBXFileReference; lastKnownFileType = image.png; path = animacao_pulo18.png; sourceTree = "<group>"; };
		937748421ADED7C200992316 /* animacao_pulo19.png */ = {isa = PBXFileReference; lastKnownFileType = image.png; path = animacao_pulo19.png; sourceTree = "<group>"; };
		937748431ADED7C200992316 /* animacao_pulo2.png */ = {isa = PBXFileReference; lastKnownFileType = image.png; path = animacao_pulo2.png; sourceTree = "<group>"; };
		937748441ADED7C200992316 /* animacao_pulo20.png */ = {isa = PBXFileReference; lastKnownFileType = image.png; path = animacao_pulo20.png; sourceTree = "<group>"; };
		937748451ADED7C200992316 /* animacao_pulo21.png */ = {isa = PBXFileReference; lastKnownFileType = image.png; path = animacao_pulo21.png; sourceTree = "<group>"; };
		937748461ADED7C200992316 /* animacao_pulo22.png */ = {isa = PBXFileReference; lastKnownFileType = image.png; path = animacao_pulo22.png; sourceTree = "<group>"; };
		937748471ADED7C200992316 /* animacao_pulo23.png */ = {isa = PBXFileReference; lastKnownFileType = image.png; path = animacao_pulo23.png; sourceTree = "<group>"; };
		937748481ADED7C200992316 /* animacao_pulo24.png */ = {isa = PBXFileReference; lastKnownFileType = image.png; path = animacao_pulo24.png; sourceTree = "<group>"; };
		937748491ADED7C200992316 /* animacao_pulo25.png */ = {isa = PBXFileReference; lastKnownFileType = image.png; path = animacao_pulo25.png; sourceTree = "<group>"; };
		9377484A1ADED7C200992316 /* animacao_pulo26.png */ = {isa = PBXFileReference; lastKnownFileType = image.png; path = animacao_pulo26.png; sourceTree = "<group>"; };
		9377484B1ADED7C200992316 /* animacao_pulo27.png */ = {isa = PBXFileReference; lastKnownFileType = image.png; path = animacao_pulo27.png; sourceTree = "<group>"; };
		9377484C1ADED7C200992316 /* animacao_pulo28.png */ = {isa = PBXFileReference; lastKnownFileType = image.png; path = animacao_pulo28.png; sourceTree = "<group>"; };
		9377484D1ADED7C200992316 /* animacao_pulo29.png */ = {isa = PBXFileReference; lastKnownFileType = image.png; path = animacao_pulo29.png; sourceTree = "<group>"; };
		9377484E1ADED7C200992316 /* animacao_pulo3.png */ = {isa = PBXFileReference; lastKnownFileType = image.png; path = animacao_pulo3.png; sourceTree = "<group>"; };
		9377484F1ADED7C200992316 /* animacao_pulo4.png */ = {isa = PBXFileReference; lastKnownFileType = image.png; path = animacao_pulo4.png; sourceTree = "<group>"; };
		937748501ADED7C200992316 /* animacao_pulo5.png */ = {isa = PBXFileReference; lastKnownFileType = image.png; path = animacao_pulo5.png; sourceTree = "<group>"; };
		937748511ADED7C200992316 /* animacao_pulo6.png */ = {isa = PBXFileReference; lastKnownFileType = image.png; path = animacao_pulo6.png; sourceTree = "<group>"; };
		937748521ADED7C200992316 /* animacao_pulo7.png */ = {isa = PBXFileReference; lastKnownFileType = image.png; path = animacao_pulo7.png; sourceTree = "<group>"; };
		937748531ADED7C200992316 /* animacao_pulo8.png */ = {isa = PBXFileReference; lastKnownFileType = image.png; path = animacao_pulo8.png; sourceTree = "<group>"; };
		937748541ADED7C200992316 /* animacao_pulo9.png */ = {isa = PBXFileReference; lastKnownFileType = image.png; path = animacao_pulo9.png; sourceTree = "<group>"; };
		93DE3B8B1ADC38B3003607B3 /* Chubby.app */ = {isa = PBXFileReference; explicitFileType = wrapper.application; includeInIndex = 0; path = Chubby.app; sourceTree = BUILT_PRODUCTS_DIR; };
		93DE3B8F1ADC38B3003607B3 /* Info.plist */ = {isa = PBXFileReference; lastKnownFileType = text.plist.xml; path = Info.plist; sourceTree = "<group>"; };
		93DE3B901ADC38B3003607B3 /* main.m */ = {isa = PBXFileReference; lastKnownFileType = sourcecode.c.objc; path = main.m; sourceTree = "<group>"; };
		93DE3B921ADC38B3003607B3 /* AppDelegate.h */ = {isa = PBXFileReference; lastKnownFileType = sourcecode.c.h; path = AppDelegate.h; sourceTree = "<group>"; };
		93DE3B931ADC38B3003607B3 /* AppDelegate.m */ = {isa = PBXFileReference; lastKnownFileType = sourcecode.c.objc; path = AppDelegate.m; sourceTree = "<group>"; };
		93DE3B951ADC38B3003607B3 /* GameScene.h */ = {isa = PBXFileReference; lastKnownFileType = sourcecode.c.h; path = GameScene.h; sourceTree = "<group>"; };
		93DE3B961ADC38B3003607B3 /* GameScene.m */ = {isa = PBXFileReference; lastKnownFileType = sourcecode.c.objc; path = GameScene.m; sourceTree = "<group>"; };
		93DE3B981ADC38B3003607B3 /* GameScene.sks */ = {isa = PBXFileReference; lastKnownFileType = file.sks; path = GameScene.sks; sourceTree = "<group>"; };
		93DE3B9A1ADC38B3003607B3 /* GameViewController.h */ = {isa = PBXFileReference; lastKnownFileType = sourcecode.c.h; path = GameViewController.h; sourceTree = "<group>"; };
		93DE3B9B1ADC38B3003607B3 /* GameViewController.m */ = {isa = PBXFileReference; lastKnownFileType = sourcecode.c.objc; path = GameViewController.m; sourceTree = "<group>"; };
		93DE3B9E1ADC38B3003607B3 /* Base */ = {isa = PBXFileReference; lastKnownFileType = file.storyboard; name = Base; path = Base.lproj/Main.storyboard; sourceTree = "<group>"; };
		93DE3BA01ADC38B3003607B3 /* Images.xcassets */ = {isa = PBXFileReference; lastKnownFileType = folder.assetcatalog; path = Images.xcassets; sourceTree = "<group>"; };
		93DE3BA31ADC38B3003607B3 /* Base */ = {isa = PBXFileReference; lastKnownFileType = file.xib; name = Base; path = Base.lproj/LaunchScreen.xib; sourceTree = "<group>"; };
		93DE3BA91ADC38B3003607B3 /* ChubbyTests.xctest */ = {isa = PBXFileReference; explicitFileType = wrapper.cfbundle; includeInIndex = 0; path = ChubbyTests.xctest; sourceTree = BUILT_PRODUCTS_DIR; };
		93DE3BAE1ADC38B3003607B3 /* Info.plist */ = {isa = PBXFileReference; lastKnownFileType = text.plist.xml; path = Info.plist; sourceTree = "<group>"; };
		93DE3BAF1ADC38B3003607B3 /* ChubbyTests.m */ = {isa = PBXFileReference; lastKnownFileType = sourcecode.c.objc; path = ChubbyTests.m; sourceTree = "<group>"; };
		93DE3BBA1ADC3A49003607B3 /* bolinha.png */ = {isa = PBXFileReference; lastKnownFileType = image.png; path = bolinha.png; sourceTree = "<group>"; };
		93DE3BBC1ADC3BAE003607B3 /* background.png */ = {isa = PBXFileReference; lastKnownFileType = image.png; name = background.png; path = ../background.png; sourceTree = "<group>"; };
		93ECD3791ADD93A50067BE9F /* segundo.png */ = {isa = PBXFileReference; lastKnownFileType = image.png; name = segundo.png; path = ../Chubby/segundo.png; sourceTree = "<group>"; };
		DFCFF3731ADEFA27001869B5 /* MainCharacterNode.h */ = {isa = PBXFileReference; fileEncoding = 4; lastKnownFileType = sourcecode.c.h; path = MainCharacterNode.h; sourceTree = "<group>"; };
		DFCFF3741ADEFA27001869B5 /* MainCharacterNode.m */ = {isa = PBXFileReference; fileEncoding = 4; lastKnownFileType = sourcecode.c.objc; path = MainCharacterNode.m; sourceTree = "<group>"; };
/* End PBXFileReference section */

/* Begin PBXFrameworksBuildPhase section */
		93DE3B881ADC38B3003607B3 /* Frameworks */ = {
			isa = PBXFrameworksBuildPhase;
			buildActionMask = 2147483647;
			files = (
			);
			runOnlyForDeploymentPostprocessing = 0;
		};
		93DE3BA61ADC38B3003607B3 /* Frameworks */ = {
			isa = PBXFrameworksBuildPhase;
			buildActionMask = 2147483647;
			files = (
			);
			runOnlyForDeploymentPostprocessing = 0;
		};
/* End PBXFrameworksBuildPhase section */

/* Begin PBXGroup section */
		937748361ADED7C200992316 /* chubby_salto */ = {
			isa = PBXGroup;
			children = (
				937748371ADED7C200992316 /* animacao_pulo0.png */,
				937748381ADED7C200992316 /* animacao_pulo1.png */,
				937748391ADED7C200992316 /* animacao_pulo10.png */,
				9377483A1ADED7C200992316 /* animacao_pulo11.png */,
				9377483B1ADED7C200992316 /* animacao_pulo12.png */,
				9377483C1ADED7C200992316 /* animacao_pulo13.png */,
				9377483D1ADED7C200992316 /* animacao_pulo14.png */,
				9377483E1ADED7C200992316 /* animacao_pulo15.png */,
				9377483F1ADED7C200992316 /* animacao_pulo16.png */,
				937748401ADED7C200992316 /* animacao_pulo17.png */,
				937748411ADED7C200992316 /* animacao_pulo18.png */,
				937748421ADED7C200992316 /* animacao_pulo19.png */,
				937748431ADED7C200992316 /* animacao_pulo2.png */,
				937748441ADED7C200992316 /* animacao_pulo20.png */,
				937748451ADED7C200992316 /* animacao_pulo21.png */,
				937748461ADED7C200992316 /* animacao_pulo22.png */,
				937748471ADED7C200992316 /* animacao_pulo23.png */,
				937748481ADED7C200992316 /* animacao_pulo24.png */,
				937748491ADED7C200992316 /* animacao_pulo25.png */,
				9377484A1ADED7C200992316 /* animacao_pulo26.png */,
				9377484B1ADED7C200992316 /* animacao_pulo27.png */,
				9377484C1ADED7C200992316 /* animacao_pulo28.png */,
				9377484D1ADED7C200992316 /* animacao_pulo29.png */,
				9377484E1ADED7C200992316 /* animacao_pulo3.png */,
				9377484F1ADED7C200992316 /* animacao_pulo4.png */,
				937748501ADED7C200992316 /* animacao_pulo5.png */,
				937748511ADED7C200992316 /* animacao_pulo6.png */,
				937748521ADED7C200992316 /* animacao_pulo7.png */,
				937748531ADED7C200992316 /* animacao_pulo8.png */,
				937748541ADED7C200992316 /* animacao_pulo9.png */,
			);
			name = chubby_salto;
			path = ../chubby_salto;
			sourceTree = "<group>";
		};
		93DE3B821ADC38B3003607B3 = {
			isa = PBXGroup;
			children = (
				93DE3BB91ADC3A49003607B3 /* imagens */,
				93DE3B8D1ADC38B3003607B3 /* Chubby */,
				93DE3BAC1ADC38B3003607B3 /* ChubbyTests */,
				93DE3B8C1ADC38B3003607B3 /* Products */,
			);
			sourceTree = "<group>";
		};
		93DE3B8C1ADC38B3003607B3 /* Products */ = {
			isa = PBXGroup;
			children = (
				93DE3B8B1ADC38B3003607B3 /* Chubby.app */,
				93DE3BA91ADC38B3003607B3 /* ChubbyTests.xctest */,
			);
			name = Products;
			sourceTree = "<group>";
		};
		93DE3B8D1ADC38B3003607B3 /* Chubby */ = {
			isa = PBXGroup;
			children = (
				93DE3B921ADC38B3003607B3 /* AppDelegate.h */,
				93DE3B931ADC38B3003607B3 /* AppDelegate.m */,
				93DE3B951ADC38B3003607B3 /* GameScene.h */,
				93DE3B961ADC38B3003607B3 /* GameScene.m */,
				DFCFF3731ADEFA27001869B5 /* MainCharacterNode.h */,
				DFCFF3741ADEFA27001869B5 /* MainCharacterNode.m */,
				93DE3B981ADC38B3003607B3 /* GameScene.sks */,
				93DE3B9A1ADC38B3003607B3 /* GameViewController.h */,
				93DE3B9B1ADC38B3003607B3 /* GameViewController.m */,
				93DE3B9D1ADC38B3003607B3 /* Main.storyboard */,
				93DE3BA01ADC38B3003607B3 /* Images.xcassets */,
				93DE3BA21ADC38B3003607B3 /* LaunchScreen.xib */,
				93DE3B8E1ADC38B3003607B3 /* Supporting Files */,
			);
			path = Chubby;
			sourceTree = "<group>";
		};
		93DE3B8E1ADC38B3003607B3 /* Supporting Files */ = {
			isa = PBXGroup;
			children = (
				93DE3B8F1ADC38B3003607B3 /* Info.plist */,
				93DE3B901ADC38B3003607B3 /* main.m */,
			);
			name = "Supporting Files";
			sourceTree = "<group>";
		};
		93DE3BAC1ADC38B3003607B3 /* ChubbyTests */ = {
			isa = PBXGroup;
			children = (
				93DE3BAF1ADC38B3003607B3 /* ChubbyTests.m */,
				93DE3BAD1ADC38B3003607B3 /* Supporting Files */,
			);
			path = ChubbyTests;
			sourceTree = "<group>";
		};
		93DE3BAD1ADC38B3003607B3 /* Supporting Files */ = {
			isa = PBXGroup;
			children = (
				93DE3BAE1ADC38B3003607B3 /* Info.plist */,
			);
			name = "Supporting Files";
			sourceTree = "<group>";
		};
		93DE3BB91ADC3A49003607B3 /* imagens */ = {
			isa = PBXGroup;
			children = (
				937748361ADED7C200992316 /* chubby_salto */,
				9327D0FD1ADEDFE300DE06EF /* arvore0.png */,
				9327D0FE1ADEDFE300DE06EF /* arvore1.png */,
				9327D0FF1ADEDFE300DE06EF /* arvore2.png */,
				9327D1001ADEDFE300DE06EF /* cenario.png */,
				9327D1011ADEDFE300DE06EF /* ceu0.png */,
				9327D1021ADEDFE300DE06EF /* ceu1.png */,
				9327D1031ADEDFE300DE06EF /* ceu2.png */,
				9327D1041ADEDFE300DE06EF /* chao0.png */,
				9327D1051ADEDFE300DE06EF /* chao1.png */,
				9327D1061ADEDFE300DE06EF /* chao2.png */,
				9327D1071ADEDFE300DE06EF /* predio0.png */,
				9327D1081ADEDFE300DE06EF /* predio1.png */,
				9327D1091ADEDFE300DE06EF /* predio2.png */,
				9327D1171ADEE0C200DE06EF /* trampolim0.png */,
				9327D1181ADEE0C200DE06EF /* trampolim1.png */,
				9327D1191ADEE0C200DE06EF /* trampolim2.png */,
				9327D11A1ADEE0C200DE06EF /* trampolim3.png */,
				9327D11B1ADEE0C200DE06EF /* trampolim4.png */,
				93DE3BBC1ADC3BAE003607B3 /* background.png */,
				93ECD3791ADD93A50067BE9F /* segundo.png */,
				93DE3BBA1ADC3A49003607B3 /* bolinha.png */,
			);
			path = imagens;
			sourceTree = "<group>";
		};
/* End PBXGroup section */

/* Begin PBXNativeTarget section */
		93DE3B8A1ADC38B3003607B3 /* Chubby */ = {
			isa = PBXNativeTarget;
			buildConfigurationList = 93DE3BB31ADC38B3003607B3 /* Build configuration list for PBXNativeTarget "Chubby" */;
			buildPhases = (
				93DE3B871ADC38B3003607B3 /* Sources */,
				93DE3B881ADC38B3003607B3 /* Frameworks */,
				93DE3B891ADC38B3003607B3 /* Resources */,
			);
			buildRules = (
			);
			dependencies = (
			);
			name = Chubby;
			productName = Chubby;
			productReference = 93DE3B8B1ADC38B3003607B3 /* Chubby.app */;
			productType = "com.apple.product-type.application";
		};
		93DE3BA81ADC38B3003607B3 /* ChubbyTests */ = {
			isa = PBXNativeTarget;
			buildConfigurationList = 93DE3BB61ADC38B3003607B3 /* Build configuration list for PBXNativeTarget "ChubbyTests" */;
			buildPhases = (
				93DE3BA51ADC38B3003607B3 /* Sources */,
				93DE3BA61ADC38B3003607B3 /* Frameworks */,
				93DE3BA71ADC38B3003607B3 /* Resources */,
			);
			buildRules = (
			);
			dependencies = (
				93DE3BAB1ADC38B3003607B3 /* PBXTargetDependency */,
			);
			name = ChubbyTests;
			productName = ChubbyTests;
			productReference = 93DE3BA91ADC38B3003607B3 /* ChubbyTests.xctest */;
			productType = "com.apple.product-type.bundle.unit-test";
		};
/* End PBXNativeTarget section */

/* Begin PBXProject section */
		93DE3B831ADC38B3003607B3 /* Project object */ = {
			isa = PBXProject;
			attributes = {
				LastUpgradeCheck = 0620;
				ORGANIZATIONNAME = MiniChallenge1;
				TargetAttributes = {
					93DE3B8A1ADC38B3003607B3 = {
						CreatedOnToolsVersion = 6.2;
					};
					93DE3BA81ADC38B3003607B3 = {
						CreatedOnToolsVersion = 6.2;
						TestTargetID = 93DE3B8A1ADC38B3003607B3;
					};
				};
			};
			buildConfigurationList = 93DE3B861ADC38B3003607B3 /* Build configuration list for PBXProject "Chubby" */;
			compatibilityVersion = "Xcode 3.2";
			developmentRegion = English;
			hasScannedForEncodings = 0;
			knownRegions = (
				en,
				Base,
			);
			mainGroup = 93DE3B821ADC38B3003607B3;
			productRefGroup = 93DE3B8C1ADC38B3003607B3 /* Products */;
			projectDirPath = "";
			projectRoot = "";
			targets = (
				93DE3B8A1ADC38B3003607B3 /* Chubby */,
				93DE3BA81ADC38B3003607B3 /* ChubbyTests */,
			);
		};
/* End PBXProject section */

/* Begin PBXResourcesBuildPhase section */
		93DE3B891ADC38B3003607B3 /* Resources */ = {
			isa = PBXResourcesBuildPhase;
			buildActionMask = 2147483647;
			files = (
				9327D1161ADEDFE300DE06EF /* predio2.png in Resources */,
				9327D1141ADEDFE300DE06EF /* predio0.png in Resources */,
				9377485E1ADED7C200992316 /* animacao_pulo17.png in Resources */,
				9327D11E1ADEE0C200DE06EF /* trampolim2.png in Resources */,
				9327D11D1ADEE0C200DE06EF /* trampolim1.png in Resources */,
				93ECD37A1ADD93A50067BE9F /* segundo.png in Resources */,
				937748681ADED7C200992316 /* animacao_pulo26.png in Resources */,
				9377486A1ADED7C200992316 /* animacao_pulo28.png in Resources */,
				93DE3BA41ADC38B3003607B3 /* LaunchScreen.xib in Resources */,
				9327D1151ADEDFE300DE06EF /* predio1.png in Resources */,
				937748611ADED7C200992316 /* animacao_pulo2.png in Resources */,
				937748561ADED7C200992316 /* animacao_pulo1.png in Resources */,
				937748631ADED7C200992316 /* animacao_pulo21.png in Resources */,
				93DE3BBD1ADC3BAE003607B3 /* background.png in Resources */,
				93DE3BA11ADC38B3003607B3 /* Images.xcassets in Resources */,
				937748661ADED7C200992316 /* animacao_pulo24.png in Resources */,
				9327D1111ADEDFE300DE06EF /* chao0.png in Resources */,
				9377485D1ADED7C200992316 /* animacao_pulo16.png in Resources */,
				9377486C1ADED7C200992316 /* animacao_pulo3.png in Resources */,
				937748711ADED7C200992316 /* animacao_pulo8.png in Resources */,
				937748701ADED7C200992316 /* animacao_pulo7.png in Resources */,
				937748621ADED7C200992316 /* animacao_pulo20.png in Resources */,
				937748601ADED7C200992316 /* animacao_pulo19.png in Resources */,
				937748651ADED7C200992316 /* animacao_pulo23.png in Resources */,
				9327D1101ADEDFE300DE06EF /* ceu2.png in Resources */,
				937748591ADED7C200992316 /* animacao_pulo12.png in Resources */,
				9377486F1ADED7C200992316 /* animacao_pulo6.png in Resources */,
				9327D10E1ADEDFE300DE06EF /* ceu0.png in Resources */,
				9327D1131ADEDFE300DE06EF /* chao2.png in Resources */,
				9377486D1ADED7C200992316 /* animacao_pulo4.png in Resources */,
				937748721ADED7C200992316 /* animacao_pulo9.png in Resources */,
				9327D10B1ADEDFE300DE06EF /* arvore1.png in Resources */,
				937748691ADED7C200992316 /* animacao_pulo27.png in Resources */,
				9327D10C1ADEDFE300DE06EF /* arvore2.png in Resources */,
				93DE3BBB1ADC3A49003607B3 /* bolinha.png in Resources */,
				937748671ADED7C200992316 /* animacao_pulo25.png in Resources */,
				9327D10D1ADEDFE300DE06EF /* cenario.png in Resources */,
				937748551ADED7C200992316 /* animacao_pulo0.png in Resources */,
				9327D11C1ADEE0C200DE06EF /* trampolim0.png in Resources */,
				93DE3B991ADC38B3003607B3 /* GameScene.sks in Resources */,
				9377485F1ADED7C200992316 /* animacao_pulo18.png in Resources */,
				9377485B1ADED7C200992316 /* animacao_pulo14.png in Resources */,
				9327D1121ADEDFE300DE06EF /* chao1.png in Resources */,
				9377486E1ADED7C200992316 /* animacao_pulo5.png in Resources */,
				9377486B1ADED7C200992316 /* animacao_pulo29.png in Resources */,
				9327D11F1ADEE0C200DE06EF /* trampolim3.png in Resources */,
				93DE3B9F1ADC38B3003607B3 /* Main.storyboard in Resources */,
				9327D10F1ADEDFE300DE06EF /* ceu1.png in Resources */,
				9327D10A1ADEDFE300DE06EF /* arvore0.png in Resources */,
				9327D1201ADEE0C200DE06EF /* trampolim4.png in Resources */,
				937748581ADED7C200992316 /* animacao_pulo11.png in Resources */,
				937748641ADED7C200992316 /* animacao_pulo22.png in Resources */,
				937748571ADED7C200992316 /* animacao_pulo10.png in Resources */,
				9377485A1ADED7C200992316 /* animacao_pulo13.png in Resources */,
				9377485C1ADED7C200992316 /* animacao_pulo15.png in Resources */,
			);
			runOnlyForDeploymentPostprocessing = 0;
		};
		93DE3BA71ADC38B3003607B3 /* Resources */ = {
			isa = PBXResourcesBuildPhase;
			buildActionMask = 2147483647;
			files = (
			);
			runOnlyForDeploymentPostprocessing = 0;
		};
/* End PBXResourcesBuildPhase section */

/* Begin PBXSourcesBuildPhase section */
		93DE3B871ADC38B3003607B3 /* Sources */ = {
			isa = PBXSourcesBuildPhase;
			buildActionMask = 2147483647;
			files = (
				93DE3B9C1ADC38B3003607B3 /* GameViewController.m in Sources */,
				93DE3B941ADC38B3003607B3 /* AppDelegate.m in Sources */,
				93DE3B971ADC38B3003607B3 /* GameScene.m in Sources */,
				DFCFF3751ADEFA27001869B5 /* MainCharacterNode.m in Sources */,
				93DE3B911ADC38B3003607B3 /* main.m in Sources */,
			);
			runOnlyForDeploymentPostprocessing = 0;
		};
		93DE3BA51ADC38B3003607B3 /* Sources */ = {
			isa = PBXSourcesBuildPhase;
			buildActionMask = 2147483647;
			files = (
				93DE3BB01ADC38B3003607B3 /* ChubbyTests.m in Sources */,
			);
			runOnlyForDeploymentPostprocessing = 0;
		};
/* End PBXSourcesBuildPhase section */

/* Begin PBXTargetDependency section */
		93DE3BAB1ADC38B3003607B3 /* PBXTargetDependency */ = {
			isa = PBXTargetDependency;
			target = 93DE3B8A1ADC38B3003607B3 /* Chubby */;
			targetProxy = 93DE3BAA1ADC38B3003607B3 /* PBXContainerItemProxy */;
		};
/* End PBXTargetDependency section */

/* Begin PBXVariantGroup section */
		93DE3B9D1ADC38B3003607B3 /* Main.storyboard */ = {
			isa = PBXVariantGroup;
			children = (
				93DE3B9E1ADC38B3003607B3 /* Base */,
			);
			name = Main.storyboard;
			sourceTree = "<group>";
		};
		93DE3BA21ADC38B3003607B3 /* LaunchScreen.xib */ = {
			isa = PBXVariantGroup;
			children = (
				93DE3BA31ADC38B3003607B3 /* Base */,
			);
			name = LaunchScreen.xib;
			sourceTree = "<group>";
		};
/* End PBXVariantGroup section */

/* Begin XCBuildConfiguration section */
		93DE3BB11ADC38B3003607B3 /* Debug */ = {
			isa = XCBuildConfiguration;
			buildSettings = {
				ALWAYS_SEARCH_USER_PATHS = NO;
				CLANG_CXX_LANGUAGE_STANDARD = "gnu++0x";
				CLANG_CXX_LIBRARY = "libc++";
				CLANG_ENABLE_MODULES = YES;
				CLANG_ENABLE_OBJC_ARC = YES;
				CLANG_WARN_BOOL_CONVERSION = YES;
				CLANG_WARN_CONSTANT_CONVERSION = YES;
				CLANG_WARN_DIRECT_OBJC_ISA_USAGE = YES_ERROR;
				CLANG_WARN_EMPTY_BODY = YES;
				CLANG_WARN_ENUM_CONVERSION = YES;
				CLANG_WARN_INT_CONVERSION = YES;
				CLANG_WARN_OBJC_ROOT_CLASS = YES_ERROR;
				CLANG_WARN_UNREACHABLE_CODE = YES;
				CLANG_WARN__DUPLICATE_METHOD_MATCH = YES;
				"CODE_SIGN_IDENTITY[sdk=iphoneos*]" = "iPhone Developer";
				COPY_PHASE_STRIP = NO;
				ENABLE_STRICT_OBJC_MSGSEND = YES;
				GCC_C_LANGUAGE_STANDARD = gnu99;
				GCC_DYNAMIC_NO_PIC = NO;
				GCC_OPTIMIZATION_LEVEL = 0;
				GCC_PREPROCESSOR_DEFINITIONS = (
					"DEBUG=1",
					"$(inherited)",
				);
				GCC_SYMBOLS_PRIVATE_EXTERN = NO;
				GCC_WARN_64_TO_32_BIT_CONVERSION = YES;
				GCC_WARN_ABOUT_RETURN_TYPE = YES_ERROR;
				GCC_WARN_UNDECLARED_SELECTOR = YES;
				GCC_WARN_UNINITIALIZED_AUTOS = YES_AGGRESSIVE;
				GCC_WARN_UNUSED_FUNCTION = YES;
				GCC_WARN_UNUSED_VARIABLE = YES;
				IPHONEOS_DEPLOYMENT_TARGET = 8.2;
				MTL_ENABLE_DEBUG_INFO = YES;
				ONLY_ACTIVE_ARCH = YES;
				SDKROOT = iphoneos;
				TARGETED_DEVICE_FAMILY = "1,2";
			};
			name = Debug;
		};
		93DE3BB21ADC38B3003607B3 /* Release */ = {
			isa = XCBuildConfiguration;
			buildSettings = {
				ALWAYS_SEARCH_USER_PATHS = NO;
				CLANG_CXX_LANGUAGE_STANDARD = "gnu++0x";
				CLANG_CXX_LIBRARY = "libc++";
				CLANG_ENABLE_MODULES = YES;
				CLANG_ENABLE_OBJC_ARC = YES;
				CLANG_WARN_BOOL_CONVERSION = YES;
				CLANG_WARN_CONSTANT_CONVERSION = YES;
				CLANG_WARN_DIRECT_OBJC_ISA_USAGE = YES_ERROR;
				CLANG_WARN_EMPTY_BODY = YES;
				CLANG_WARN_ENUM_CONVERSION = YES;
				CLANG_WARN_INT_CONVERSION = YES;
				CLANG_WARN_OBJC_ROOT_CLASS = YES_ERROR;
				CLANG_WARN_UNREACHABLE_CODE = YES;
				CLANG_WARN__DUPLICATE_METHOD_MATCH = YES;
				"CODE_SIGN_IDENTITY[sdk=iphoneos*]" = "iPhone Developer";
				COPY_PHASE_STRIP = NO;
				ENABLE_NS_ASSERTIONS = NO;
				ENABLE_STRICT_OBJC_MSGSEND = YES;
				GCC_C_LANGUAGE_STANDARD = gnu99;
				GCC_WARN_64_TO_32_BIT_CONVERSION = YES;
				GCC_WARN_ABOUT_RETURN_TYPE = YES_ERROR;
				GCC_WARN_UNDECLARED_SELECTOR = YES;
				GCC_WARN_UNINITIALIZED_AUTOS = YES_AGGRESSIVE;
				GCC_WARN_UNUSED_FUNCTION = YES;
				GCC_WARN_UNUSED_VARIABLE = YES;
				IPHONEOS_DEPLOYMENT_TARGET = 8.2;
				MTL_ENABLE_DEBUG_INFO = NO;
				SDKROOT = iphoneos;
				TARGETED_DEVICE_FAMILY = "1,2";
				VALIDATE_PRODUCT = YES;
			};
			name = Release;
		};
		93DE3BB41ADC38B3003607B3 /* Debug */ = {
			isa = XCBuildConfiguration;
			buildSettings = {
				ASSETCATALOG_COMPILER_APPICON_NAME = AppIcon;
				INFOPLIST_FILE = Chubby/Info.plist;
				LD_RUNPATH_SEARCH_PATHS = "$(inherited) @executable_path/Frameworks";
				PRODUCT_NAME = "$(TARGET_NAME)";
			};
			name = Debug;
		};
		93DE3BB51ADC38B3003607B3 /* Release */ = {
			isa = XCBuildConfiguration;
			buildSettings = {
				ASSETCATALOG_COMPILER_APPICON_NAME = AppIcon;
				INFOPLIST_FILE = Chubby/Info.plist;
				LD_RUNPATH_SEARCH_PATHS = "$(inherited) @executable_path/Frameworks";
				PRODUCT_NAME = "$(TARGET_NAME)";
			};
			name = Release;
		};
		93DE3BB71ADC38B3003607B3 /* Debug */ = {
			isa = XCBuildConfiguration;
			buildSettings = {
				BUNDLE_LOADER = "$(TEST_HOST)";
				FRAMEWORK_SEARCH_PATHS = (
					"$(SDKROOT)/Developer/Library/Frameworks",
					"$(inherited)",
				);
				GCC_PREPROCESSOR_DEFINITIONS = (
					"DEBUG=1",
					"$(inherited)",
				);
				INFOPLIST_FILE = ChubbyTests/Info.plist;
				LD_RUNPATH_SEARCH_PATHS = "$(inherited) @executable_path/Frameworks @loader_path/Frameworks";
				PRODUCT_NAME = "$(TARGET_NAME)";
				TEST_HOST = "$(BUILT_PRODUCTS_DIR)/Chubby.app/Chubby";
			};
			name = Debug;
		};
		93DE3BB81ADC38B3003607B3 /* Release */ = {
			isa = XCBuildConfiguration;
			buildSettings = {
				BUNDLE_LOADER = "$(TEST_HOST)";
				FRAMEWORK_SEARCH_PATHS = (
					"$(SDKROOT)/Developer/Library/Frameworks",
					"$(inherited)",
				);
				INFOPLIST_FILE = ChubbyTests/Info.plist;
				LD_RUNPATH_SEARCH_PATHS = "$(inherited) @executable_path/Frameworks @loader_path/Frameworks";
				PRODUCT_NAME = "$(TARGET_NAME)";
				TEST_HOST = "$(BUILT_PRODUCTS_DIR)/Chubby.app/Chubby";
			};
			name = Release;
		};
/* End XCBuildConfiguration section */

/* Begin XCConfigurationList section */
		93DE3B861ADC38B3003607B3 /* Build configuration list for PBXProject "Chubby" */ = {
			isa = XCConfigurationList;
			buildConfigurations = (
				93DE3BB11ADC38B3003607B3 /* Debug */,
				93DE3BB21ADC38B3003607B3 /* Release */,
			);
			defaultConfigurationIsVisible = 0;
			defaultConfigurationName = Release;
		};
		93DE3BB31ADC38B3003607B3 /* Build configuration list for PBXNativeTarget "Chubby" */ = {
			isa = XCConfigurationList;
			buildConfigurations = (
				93DE3BB41ADC38B3003607B3 /* Debug */,
				93DE3BB51ADC38B3003607B3 /* Release */,
			);
			defaultConfigurationIsVisible = 0;
			defaultConfigurationName = Release;
		};
		93DE3BB61ADC38B3003607B3 /* Build configuration list for PBXNativeTarget "ChubbyTests" */ = {
			isa = XCConfigurationList;
			buildConfigurations = (
				93DE3BB71ADC38B3003607B3 /* Debug */,
				93DE3BB81ADC38B3003607B3 /* Release */,
			);
			defaultConfigurationIsVisible = 0;
			defaultConfigurationName = Release;
		};
/* End XCConfigurationList section */
	};
	rootObject = 93DE3B831ADC38B3003607B3 /* Project object */;
}
